// !$*UTF8*$!
{
	archiveVersion = 1;
	classes = {
	};
	objectVersion = 56;
	objects = {

/* Begin PBXBuildFile section */
		247B24F82AB0211000841A27 /* CustomError.swift in Sources */ = {isa = PBXBuildFile; fileRef = 247B24F72AB0211000841A27 /* CustomError.swift */; };
		247B24FA2AB0218700841A27 /* ApiClient.swift in Sources */ = {isa = PBXBuildFile; fileRef = 247B24F92AB0218700841A27 /* ApiClient.swift */; };
		247B24FD2AB03D2400841A27 /* HomeViewModel.swift in Sources */ = {isa = PBXBuildFile; fileRef = 247B24FC2AB03D2400841A27 /* HomeViewModel.swift */; };
		24A653022AB0977E00A144F5 /* MovieItemView.swift in Sources */ = {isa = PBXBuildFile; fileRef = 24A653012AB0977E00A144F5 /* MovieItemView.swift */; };
		382257DE2AAFEFE6000FFDED /* FilmFindsApp.swift in Sources */ = {isa = PBXBuildFile; fileRef = 382257DD2AAFEFE6000FFDED /* FilmFindsApp.swift */; };
		382257E02AAFEFE6000FFDED /* HomeView.swift in Sources */ = {isa = PBXBuildFile; fileRef = 382257DF2AAFEFE6000FFDED /* HomeView.swift */; };
		382257E22AAFEFE9000FFDED /* Assets.xcassets in Resources */ = {isa = PBXBuildFile; fileRef = 382257E12AAFEFE9000FFDED /* Assets.xcassets */; };
		382257E52AAFEFE9000FFDED /* Preview Assets.xcassets in Resources */ = {isa = PBXBuildFile; fileRef = 382257E42AAFEFE9000FFDED /* Preview Assets.xcassets */; };
		382257F12AAFF6CA000FFDED /* EndPoint.swift in Sources */ = {isa = PBXBuildFile; fileRef = 382257F02AAFF6CA000FFDED /* EndPoint.swift */; };
		382257F32AAFF7BA000FFDED /* NetworkConstants.swift in Sources */ = {isa = PBXBuildFile; fileRef = 382257F22AAFF7BA000FFDED /* NetworkConstants.swift */; };
		382257F52AB001D3000FFDED /* MovieSearchResultsModel.swift in Sources */ = {isa = PBXBuildFile; fileRef = 382257F42AB001D3000FFDED /* MovieSearchResultsModel.swift */; };
		382257F72AB003AE000FFDED /* Movie.swift in Sources */ = {isa = PBXBuildFile; fileRef = 382257F62AB003AE000FFDED /* Movie.swift */; };
		382257FA2AB00D0F000FFDED /* FilmFIndsSplashScreen.png in Resources */ = {isa = PBXBuildFile; fileRef = 382257F92AB00D0F000FFDED /* FilmFIndsSplashScreen.png */; };
/* End PBXBuildFile section */

/* Begin PBXFileReference section */
		247B24F72AB0211000841A27 /* CustomError.swift */ = {isa = PBXFileReference; lastKnownFileType = sourcecode.swift; path = CustomError.swift; sourceTree = "<group>"; };
		247B24F92AB0218700841A27 /* ApiClient.swift */ = {isa = PBXFileReference; lastKnownFileType = sourcecode.swift; path = ApiClient.swift; sourceTree = "<group>"; };
		247B24FC2AB03D2400841A27 /* HomeViewModel.swift */ = {isa = PBXFileReference; lastKnownFileType = sourcecode.swift; path = HomeViewModel.swift; sourceTree = "<group>"; };
		24A653012AB0977E00A144F5 /* MovieItemView.swift */ = {isa = PBXFileReference; lastKnownFileType = sourcecode.swift; path = MovieItemView.swift; sourceTree = "<group>"; };
		382257DA2AAFEFE6000FFDED /* FilmFinds.app */ = {isa = PBXFileReference; explicitFileType = wrapper.application; includeInIndex = 0; path = FilmFinds.app; sourceTree = BUILT_PRODUCTS_DIR; };
		382257DD2AAFEFE6000FFDED /* FilmFindsApp.swift */ = {isa = PBXFileReference; lastKnownFileType = sourcecode.swift; path = FilmFindsApp.swift; sourceTree = "<group>"; };
		382257DF2AAFEFE6000FFDED /* HomeView.swift */ = {isa = PBXFileReference; lastKnownFileType = sourcecode.swift; path = HomeView.swift; sourceTree = "<group>"; };
		382257E12AAFEFE9000FFDED /* Assets.xcassets */ = {isa = PBXFileReference; lastKnownFileType = folder.assetcatalog; path = Assets.xcassets; sourceTree = "<group>"; };
		382257E42AAFEFE9000FFDED /* Preview Assets.xcassets */ = {isa = PBXFileReference; lastKnownFileType = folder.assetcatalog; path = "Preview Assets.xcassets"; sourceTree = "<group>"; };
		382257EF2AAFF1C9000FFDED /* Configuration.xcconfig */ = {isa = PBXFileReference; lastKnownFileType = text.xcconfig; path = Configuration.xcconfig; sourceTree = "<group>"; };
		382257F02AAFF6CA000FFDED /* EndPoint.swift */ = {isa = PBXFileReference; lastKnownFileType = sourcecode.swift; path = EndPoint.swift; sourceTree = "<group>"; };
		382257F22AAFF7BA000FFDED /* NetworkConstants.swift */ = {isa = PBXFileReference; lastKnownFileType = sourcecode.swift; path = NetworkConstants.swift; sourceTree = "<group>"; };
		382257F42AB001D3000FFDED /* MovieSearchResultsModel.swift */ = {isa = PBXFileReference; lastKnownFileType = sourcecode.swift; path = MovieSearchResultsModel.swift; sourceTree = "<group>"; };
		382257F62AB003AE000FFDED /* Movie.swift */ = {isa = PBXFileReference; lastKnownFileType = sourcecode.swift; path = Movie.swift; sourceTree = "<group>"; };
		382257F82AB00C3D000FFDED /* Info.plist */ = {isa = PBXFileReference; lastKnownFileType = text.plist.xml; path = Info.plist; sourceTree = "<group>"; };
		382257F92AB00D0F000FFDED /* FilmFIndsSplashScreen.png */ = {isa = PBXFileReference; lastKnownFileType = image.png; path = FilmFIndsSplashScreen.png; sourceTree = "<group>"; };
/* End PBXFileReference section */

/* Begin PBXFrameworksBuildPhase section */
		382257D72AAFEFE6000FFDED /* Frameworks */ = {
			isa = PBXFrameworksBuildPhase;
			buildActionMask = 2147483647;
			files = (
			);
			runOnlyForDeploymentPostprocessing = 0;
		};
/* End PBXFrameworksBuildPhase section */

/* Begin PBXGroup section */
		247B24F62AB020D400841A27 /* Networking */ = {
			isa = PBXGroup;
			children = (
				247B24F72AB0211000841A27 /* CustomError.swift */,
				247B24F92AB0218700841A27 /* ApiClient.swift */,
			);
			path = Networking;
			sourceTree = "<group>";
		};
		247B24FB2AB03D1100841A27 /* ViewModel */ = {
			isa = PBXGroup;
			children = (
				247B24FC2AB03D2400841A27 /* HomeViewModel.swift */,
			);
			path = ViewModel;
			sourceTree = "<group>";
		};
		382257D12AAFEFE6000FFDED = {
			isa = PBXGroup;
			children = (
				382257DC2AAFEFE6000FFDED /* FilmFinds */,
				382257F82AB00C3D000FFDED /* Info.plist */,
				382257DB2AAFEFE6000FFDED /* Products */,
			);
			sourceTree = "<group>";
		};
		382257DB2AAFEFE6000FFDED /* Products */ = {
			isa = PBXGroup;
			children = (
				382257DA2AAFEFE6000FFDED /* FilmFinds.app */,
			);
			name = Products;
			sourceTree = "<group>";
		};
		382257DC2AAFEFE6000FFDED /* FilmFinds */ = {
			isa = PBXGroup;
			children = (
				247B24FB2AB03D1100841A27 /* ViewModel */,
				382257F92AB00D0F000FFDED /* FilmFIndsSplashScreen.png */,
				382257EE2AAFF1A1000FFDED /* Shared */,
				247B24F62AB020D400841A27 /* Networking */,
				382257EC2AAFF02E000FFDED /* Model */,
				382257EB2AAFF025000FFDED /* View */,
				382257E32AAFEFE9000FFDED /* Preview Content */,
			);
			path = FilmFinds;
			sourceTree = "<group>";
		};
		382257E32AAFEFE9000FFDED /* Preview Content */ = {
			isa = PBXGroup;
			children = (
				382257E12AAFEFE9000FFDED /* Assets.xcassets */,
				382257E42AAFEFE9000FFDED /* Preview Assets.xcassets */,
			);
			path = "Preview Content";
			sourceTree = "<group>";
		};
		382257EB2AAFF025000FFDED /* View */ = {
			isa = PBXGroup;
			children = (
				382257DD2AAFEFE6000FFDED /* FilmFindsApp.swift */,
				382257DF2AAFEFE6000FFDED /* HomeView.swift */,
				24A653012AB0977E00A144F5 /* MovieItemView.swift */,
			);
			path = View;
			sourceTree = "<group>";
		};
		382257EC2AAFF02E000FFDED /* Model */ = {
			isa = PBXGroup;
			children = (
				382257F42AB001D3000FFDED /* MovieSearchResultsModel.swift */,
				382257F62AB003AE000FFDED /* Movie.swift */,
			);
			path = Model;
			sourceTree = "<group>";
		};
		382257EE2AAFF1A1000FFDED /* Shared */ = {
			isa = PBXGroup;
			children = (
				382257EF2AAFF1C9000FFDED /* Configuration.xcconfig */,
				382257F02AAFF6CA000FFDED /* EndPoint.swift */,
				382257F22AAFF7BA000FFDED /* NetworkConstants.swift */,
			);
			path = Shared;
			sourceTree = "<group>";
		};
/* End PBXGroup section */

/* Begin PBXNativeTarget section */
		382257D92AAFEFE6000FFDED /* FilmFinds */ = {
			isa = PBXNativeTarget;
			buildConfigurationList = 382257E82AAFEFE9000FFDED /* Build configuration list for PBXNativeTarget "FilmFinds" */;
			buildPhases = (
				382257D62AAFEFE6000FFDED /* Sources */,
				382257D72AAFEFE6000FFDED /* Frameworks */,
				382257D82AAFEFE6000FFDED /* Resources */,
			);
			buildRules = (
			);
			dependencies = (
			);
			name = FilmFinds;
			productName = FilmFinds;
			productReference = 382257DA2AAFEFE6000FFDED /* FilmFinds.app */;
			productType = "com.apple.product-type.application";
		};
/* End PBXNativeTarget section */

/* Begin PBXProject section */
		382257D22AAFEFE6000FFDED /* Project object */ = {
			isa = PBXProject;
			attributes = {
				BuildIndependentTargetsInParallel = 1;
				LastSwiftUpdateCheck = 1430;
				LastUpgradeCheck = 1430;
				TargetAttributes = {
					382257D92AAFEFE6000FFDED = {
						CreatedOnToolsVersion = 14.3.1;
					};
				};
			};
			buildConfigurationList = 382257D52AAFEFE6000FFDED /* Build configuration list for PBXProject "FilmFinds" */;
			compatibilityVersion = "Xcode 14.0";
			developmentRegion = en;
			hasScannedForEncodings = 0;
			knownRegions = (
				en,
				Base,
			);
			mainGroup = 382257D12AAFEFE6000FFDED;
			productRefGroup = 382257DB2AAFEFE6000FFDED /* Products */;
			projectDirPath = "";
			projectRoot = "";
			targets = (
				382257D92AAFEFE6000FFDED /* FilmFinds */,
			);
		};
/* End PBXProject section */

/* Begin PBXResourcesBuildPhase section */
		382257D82AAFEFE6000FFDED /* Resources */ = {
			isa = PBXResourcesBuildPhase;
			buildActionMask = 2147483647;
			files = (
				382257FA2AB00D0F000FFDED /* FilmFIndsSplashScreen.png in Resources */,
				382257E52AAFEFE9000FFDED /* Preview Assets.xcassets in Resources */,
				382257E22AAFEFE9000FFDED /* Assets.xcassets in Resources */,
			);
			runOnlyForDeploymentPostprocessing = 0;
		};
/* End PBXResourcesBuildPhase section */

/* Begin PBXSourcesBuildPhase section */
		382257D62AAFEFE6000FFDED /* Sources */ = {
			isa = PBXSourcesBuildPhase;
			buildActionMask = 2147483647;
			files = (
				247B24F82AB0211000841A27 /* CustomError.swift in Sources */,
				247B24FD2AB03D2400841A27 /* HomeViewModel.swift in Sources */,
				382257F32AAFF7BA000FFDED /* NetworkConstants.swift in Sources */,
				382257F12AAFF6CA000FFDED /* EndPoint.swift in Sources */,
				247B24FA2AB0218700841A27 /* ApiClient.swift in Sources */,
				24A653022AB0977E00A144F5 /* MovieItemView.swift in Sources */,
				382257F72AB003AE000FFDED /* Movie.swift in Sources */,
				382257E02AAFEFE6000FFDED /* HomeView.swift in Sources */,
				382257F52AB001D3000FFDED /* MovieSearchResultsModel.swift in Sources */,
				382257DE2AAFEFE6000FFDED /* FilmFindsApp.swift in Sources */,
			);
			runOnlyForDeploymentPostprocessing = 0;
		};
/* End PBXSourcesBuildPhase section */

/* Begin XCBuildConfiguration section */
		382257E62AAFEFE9000FFDED /* Debug */ = {
			isa = XCBuildConfiguration;
			buildSettings = {
				ALWAYS_SEARCH_USER_PATHS = NO;
				CLANG_ANALYZER_NONNULL = YES;
				CLANG_ANALYZER_NUMBER_OBJECT_CONVERSION = YES_AGGRESSIVE;
				CLANG_CXX_LANGUAGE_STANDARD = "gnu++20";
				CLANG_ENABLE_MODULES = YES;
				CLANG_ENABLE_OBJC_ARC = YES;
				CLANG_ENABLE_OBJC_WEAK = YES;
				CLANG_WARN_BLOCK_CAPTURE_AUTORELEASING = YES;
				CLANG_WARN_BOOL_CONVERSION = YES;
				CLANG_WARN_COMMA = YES;
				CLANG_WARN_CONSTANT_CONVERSION = YES;
				CLANG_WARN_DEPRECATED_OBJC_IMPLEMENTATIONS = YES;
				CLANG_WARN_DIRECT_OBJC_ISA_USAGE = YES_ERROR;
				CLANG_WARN_DOCUMENTATION_COMMENTS = YES;
				CLANG_WARN_EMPTY_BODY = YES;
				CLANG_WARN_ENUM_CONVERSION = YES;
				CLANG_WARN_INFINITE_RECURSION = YES;
				CLANG_WARN_INT_CONVERSION = YES;
				CLANG_WARN_NON_LITERAL_NULL_CONVERSION = YES;
				CLANG_WARN_OBJC_IMPLICIT_RETAIN_SELF = YES;
				CLANG_WARN_OBJC_LITERAL_CONVERSION = YES;
				CLANG_WARN_OBJC_ROOT_CLASS = YES_ERROR;
				CLANG_WARN_QUOTED_INCLUDE_IN_FRAMEWORK_HEADER = YES;
				CLANG_WARN_RANGE_LOOP_ANALYSIS = YES;
				CLANG_WARN_STRICT_PROTOTYPES = YES;
				CLANG_WARN_SUSPICIOUS_MOVE = YES;
				CLANG_WARN_UNGUARDED_AVAILABILITY = YES_AGGRESSIVE;
				CLANG_WARN_UNREACHABLE_CODE = YES;
				CLANG_WARN__DUPLICATE_METHOD_MATCH = YES;
				COPY_PHASE_STRIP = NO;
				DEBUG_INFORMATION_FORMAT = dwarf;
				ENABLE_STRICT_OBJC_MSGSEND = YES;
				ENABLE_TESTABILITY = YES;
				GCC_C_LANGUAGE_STANDARD = gnu11;
				GCC_DYNAMIC_NO_PIC = NO;
				GCC_NO_COMMON_BLOCKS = YES;
				GCC_OPTIMIZATION_LEVEL = 0;
				GCC_PREPROCESSOR_DEFINITIONS = (
					"DEBUG=1",
					"$(inherited)",
				);
				GCC_WARN_64_TO_32_BIT_CONVERSION = YES;
				GCC_WARN_ABOUT_RETURN_TYPE = YES_ERROR;
				GCC_WARN_UNDECLARED_SELECTOR = YES;
				GCC_WARN_UNINITIALIZED_AUTOS = YES_AGGRESSIVE;
				GCC_WARN_UNUSED_FUNCTION = YES;
				GCC_WARN_UNUSED_VARIABLE = YES;
				IPHONEOS_DEPLOYMENT_TARGET = 15.0;
				MTL_ENABLE_DEBUG_INFO = INCLUDE_SOURCE;
				MTL_FAST_MATH = YES;
				ONLY_ACTIVE_ARCH = YES;
				SDKROOT = iphoneos;
				SWIFT_ACTIVE_COMPILATION_CONDITIONS = DEBUG;
				SWIFT_OPTIMIZATION_LEVEL = "-Onone";
			};
			name = Debug;
		};
		382257E72AAFEFE9000FFDED /* Release */ = {
			isa = XCBuildConfiguration;
			buildSettings = {
				ALWAYS_SEARCH_USER_PATHS = NO;
				CLANG_ANALYZER_NONNULL = YES;
				CLANG_ANALYZER_NUMBER_OBJECT_CONVERSION = YES_AGGRESSIVE;
				CLANG_CXX_LANGUAGE_STANDARD = "gnu++20";
				CLANG_ENABLE_MODULES = YES;
				CLANG_ENABLE_OBJC_ARC = YES;
				CLANG_ENABLE_OBJC_WEAK = YES;
				CLANG_WARN_BLOCK_CAPTURE_AUTORELEASING = YES;
				CLANG_WARN_BOOL_CONVERSION = YES;
				CLANG_WARN_COMMA = YES;
				CLANG_WARN_CONSTANT_CONVERSION = YES;
				CLANG_WARN_DEPRECATED_OBJC_IMPLEMENTATIONS = YES;
				CLANG_WARN_DIRECT_OBJC_ISA_USAGE = YES_ERROR;
				CLANG_WARN_DOCUMENTATION_COMMENTS = YES;
				CLANG_WARN_EMPTY_BODY = YES;
				CLANG_WARN_ENUM_CONVERSION = YES;
				CLANG_WARN_INFINITE_RECURSION = YES;
				CLANG_WARN_INT_CONVERSION = YES;
				CLANG_WARN_NON_LITERAL_NULL_CONVERSION = YES;
				CLANG_WARN_OBJC_IMPLICIT_RETAIN_SELF = YES;
				CLANG_WARN_OBJC_LITERAL_CONVERSION = YES;
				CLANG_WARN_OBJC_ROOT_CLASS = YES_ERROR;
				CLANG_WARN_QUOTED_INCLUDE_IN_FRAMEWORK_HEADER = YES;
				CLANG_WARN_RANGE_LOOP_ANALYSIS = YES;
				CLANG_WARN_STRICT_PROTOTYPES = YES;
				CLANG_WARN_SUSPICIOUS_MOVE = YES;
				CLANG_WARN_UNGUARDED_AVAILABILITY = YES_AGGRESSIVE;
				CLANG_WARN_UNREACHABLE_CODE = YES;
				CLANG_WARN__DUPLICATE_METHOD_MATCH = YES;
				COPY_PHASE_STRIP = NO;
				DEBUG_INFORMATION_FORMAT = "dwarf-with-dsym";
				ENABLE_NS_ASSERTIONS = NO;
				ENABLE_STRICT_OBJC_MSGSEND = YES;
				GCC_C_LANGUAGE_STANDARD = gnu11;
				GCC_NO_COMMON_BLOCKS = YES;
				GCC_WARN_64_TO_32_BIT_CONVERSION = YES;
				GCC_WARN_ABOUT_RETURN_TYPE = YES_ERROR;
				GCC_WARN_UNDECLARED_SELECTOR = YES;
				GCC_WARN_UNINITIALIZED_AUTOS = YES_AGGRESSIVE;
				GCC_WARN_UNUSED_FUNCTION = YES;
				GCC_WARN_UNUSED_VARIABLE = YES;
				IPHONEOS_DEPLOYMENT_TARGET = 15.0;
				MTL_ENABLE_DEBUG_INFO = NO;
				MTL_FAST_MATH = YES;
				SDKROOT = iphoneos;
				SWIFT_COMPILATION_MODE = wholemodule;
				SWIFT_OPTIMIZATION_LEVEL = "-O";
				VALIDATE_PRODUCT = YES;
			};
			name = Release;
		};
		382257E92AAFEFE9000FFDED /* Debug */ = {
			isa = XCBuildConfiguration;
			buildSettings = {
				ASSETCATALOG_COMPILER_APPICON_NAME = AppIcon;
				ASSETCATALOG_COMPILER_GLOBAL_ACCENT_COLOR_NAME = AccentColor;
				ASSETCATALOG_COMPILER_INCLUDE_ALL_APPICON_ASSETS = YES;
				CODE_SIGN_IDENTITY = "Apple Development";
				CODE_SIGN_STYLE = Automatic;
				CURRENT_PROJECT_VERSION = 1;
				DEVELOPMENT_ASSET_PATHS = "\"FilmFinds/Preview Content\"";
				DEVELOPMENT_TEAM = PH6TSH68UW;
				ENABLE_PREVIEWS = YES;
				GENERATE_INFOPLIST_FILE = YES;
				INFOPLIST_FILE = FilmFinds/Info.plist;
				INFOPLIST_KEY_CFBundleDisplayName = FilmFinds;
				INFOPLIST_KEY_LSApplicationCategoryType = "public.app-category.entertainment";
				INFOPLIST_KEY_UIApplicationSceneManifest_Generation = YES;
				INFOPLIST_KEY_UIApplicationSupportsIndirectInputEvents = YES;
				INFOPLIST_KEY_UILaunchScreen_Generation = YES;
				INFOPLIST_KEY_UILaunchStoryboardName = f;
				INFOPLIST_KEY_UISupportedInterfaceOrientations = UIInterfaceOrientationPortrait;
				INFOPLIST_KEY_UISupportedInterfaceOrientations_iPad = "UIInterfaceOrientationLandscapeLeft UIInterfaceOrientationLandscapeRight UIInterfaceOrientationPortrait UIInterfaceOrientationPortraitUpsideDown";
				IPHONEOS_DEPLOYMENT_TARGET = 15.0;
				LD_RUNPATH_SEARCH_PATHS = (
					"$(inherited)",
					"@executable_path/Frameworks",
				);
				MARKETING_VERSION = 1.0;
				PRODUCT_BUNDLE_IDENTIFIER = com.yeasirarefin.FilmFind;
				PRODUCT_NAME = "$(TARGET_NAME)";
				PROVISIONING_PROFILE_SPECIFIER = "";
				SUPPORTED_PLATFORMS = "iphoneos iphonesimulator";
				SUPPORTS_MACCATALYST = NO;
				SUPPORTS_MAC_DESIGNED_FOR_IPHONE_IPAD = NO;
				SWIFT_EMIT_LOC_STRINGS = YES;
				SWIFT_VERSION = 5.0;
				TARGETED_DEVICE_FAMILY = 1;
			};
			name = Debug;
		};
		382257EA2AAFEFE9000FFDED /* Release */ = {
			isa = XCBuildConfiguration;
			buildSettings = {
				ASSETCATALOG_COMPILER_APPICON_NAME = AppIcon;
				ASSETCATALOG_COMPILER_GLOBAL_ACCENT_COLOR_NAME = AccentColor;
				ASSETCATALOG_COMPILER_INCLUDE_ALL_APPICON_ASSETS = YES;
				CODE_SIGN_STYLE = Automatic;
				CURRENT_PROJECT_VERSION = 1;
				DEVELOPMENT_ASSET_PATHS = "\"FilmFinds/Preview Content\"";
				DEVELOPMENT_TEAM = PH6TSH68UW;
				ENABLE_PREVIEWS = YES;
				GENERATE_INFOPLIST_FILE = YES;
				INFOPLIST_FILE = FilmFinds/Info.plist;
				INFOPLIST_KEY_CFBundleDisplayName = FilmFinds;
				INFOPLIST_KEY_LSApplicationCategoryType = "public.app-category.entertainment";
				INFOPLIST_KEY_UIApplicationSceneManifest_Generation = YES;
				INFOPLIST_KEY_UIApplicationSupportsIndirectInputEvents = YES;
				INFOPLIST_KEY_UILaunchScreen_Generation = YES;
				INFOPLIST_KEY_UILaunchStoryboardName = f;
				INFOPLIST_KEY_UISupportedInterfaceOrientations = UIInterfaceOrientationPortrait;
				INFOPLIST_KEY_UISupportedInterfaceOrientations_iPad = "UIInterfaceOrientationLandscapeLeft UIInterfaceOrientationLandscapeRight UIInterfaceOrientationPortrait UIInterfaceOrientationPortraitUpsideDown";
				IPHONEOS_DEPLOYMENT_TARGET = 15.0;
				LD_RUNPATH_SEARCH_PATHS = (
					"$(inherited)",
					"@executable_path/Frameworks",
				);
				MARKETING_VERSION = 1.0;
				PRODUCT_BUNDLE_IDENTIFIER = com.yeasirarefin.FilmFind;
				PRODUCT_NAME = "$(TARGET_NAME)";
				SUPPORTED_PLATFORMS = "iphoneos iphonesimulator";
				SUPPORTS_MACCATALYST = NO;
				SUPPORTS_MAC_DESIGNED_FOR_IPHONE_IPAD = NO;
				SWIFT_EMIT_LOC_STRINGS = YES;
				SWIFT_VERSION = 5.0;
				TARGETED_DEVICE_FAMILY = 1;
			};
			name = Release;
		};
/* End XCBuildConfiguration section */

/* Begin XCConfigurationList section */
		382257D52AAFEFE6000FFDED /* Build configuration list for PBXProject "FilmFinds" */ = {
			isa = XCConfigurationList;
			buildConfigurations = (
				382257E62AAFEFE9000FFDED /* Debug */,
				382257E72AAFEFE9000FFDED /* Release */,
			);
			defaultConfigurationIsVisible = 0;
			defaultConfigurationName = Release;
		};
		382257E82AAFEFE9000FFDED /* Build configuration list for PBXNativeTarget "FilmFinds" */ = {
			isa = XCConfigurationList;
			buildConfigurations = (
				382257E92AAFEFE9000FFDED /* Debug */,
				382257EA2AAFEFE9000FFDED /* Release */,
			);
			defaultConfigurationIsVisible = 0;
			defaultConfigurationName = Release;
		};
/* End XCConfigurationList section */
	};
	rootObject = 382257D22AAFEFE6000FFDED /* Project object */;
}
